{
  "version": 4,
  "terraform_version": "1.1.0",
  "serial": 21,
  "lineage": "117ca693-e4c7-182c-6abd-dbafe5c22ede",
  "outputs": {},
  "resources": [
    {
      "mode": "data",
      "type": "digitalocean_ssh_key",
      "name": "terraform",
      "provider": "provider[\"registry.terraform.io/digitalocean/digitalocean\"]",
      "instances": [
        {
          "schema_version": 0,
          "attributes": {
            "fingerprint": "a8:bf:be:23:96:18:37:58:51:2e:c6:4a:83:34:2e:fa",
            "id": 32586212,
            "name": "terraform",
            "public_key": "ssh-rsa AAAAB3NzaC1yc2EAAAADAQABAAABgQCp08F43uBMvBazciOoFYWGyD+ds/yKLcwQYi/OT7YjHZCrbFtIzy3DcvVaFFvxrrs87oXwx5L3leX+b+EyqEwqPWudHlDFiz4fb/aN1KYdHmiS8j6JNhQW379CnJVt/NwEE3dEKZtkiMIluSjI83XXVWRMb6YWBLgQ2/MSwrPYhMvhW076esdNsT12+XGBMY1KMv9LnfxtaJX9RQ1YcvW0mymrUAu5djxvDUnD9p7shjdXFPIipplx/NIPMok+WFtP9vdHtmjeLdmUBvIuggCnKxP+kVpsITbxBQid23zpTbaXeuyK2yHwaLmfA/LRBb2oEHCRZXmtIY7AhzLXofimEk5Q+JFyFtF6Iv27DXxdHdM4ONhnBDx9xx8W9lslovU61NUfO4JaGbWMafIT60ETK9/24iKYY9YbILS7E8EfS52RaJBqdPpTVy9lE1oKCrq3y8uYMXhYiI3UDAVoelWc+CvVjk6qLyQE50g+t/SIEBAM2P7kMBRrZ16thADKD2k= seanaye@Seans-MacBook-Pro-2.local\n"
          },
          "sensitive_attributes": []
        }
      ]
    },
    {
      "mode": "managed",
      "type": "digitalocean_domain",
      "name": "default",
      "provider": "provider[\"registry.terraform.io/digitalocean/digitalocean\"]",
      "instances": [
        {
          "schema_version": 0,
          "attributes": {
            "id": "seanaye.ca",
            "ip_address": null,
            "name": "seanaye.ca",
            "ttl": 1800,
            "urn": "do:domain:seanaye.ca"
          },
          "sensitive_attributes": [],
          "private": "eyJzY2hlbWFfdmVyc2lvbiI6IjAifQ=="
        }
      ]
    },
    {
      "mode": "managed",
      "type": "digitalocean_droplet",
      "name": "minecraft",
      "provider": "provider[\"registry.terraform.io/digitalocean/digitalocean\"]",
      "instances": [
        {
          "schema_version": 1,
          "attributes": {
            "backups": false,
            "created_at": "2021-12-06T23:49:16Z",
            "disk": 80,
            "droplet_agent": null,
            "graceful_shutdown": false,
            "id": "276780318",
            "image": "docker-20-04",
            "ipv4_address": "167.99.188.133",
            "ipv4_address_private": "10.118.0.2",
            "ipv6": false,
            "ipv6_address": "",
            "locked": false,
            "memory": 8192,
            "monitoring": false,
            "name": "minecraft",
            "price_hourly": 0.07143,
            "price_monthly": 48,
            "private_networking": true,
            "region": "tor1",
            "resize_disk": true,
            "size": "s-4vcpu-8gb-amd",
            "ssh_keys": [
              "32586212"
            ],
            "status": "active",
            "tags": [],
            "urn": "do:droplet:276780318",
            "user_data": null,
            "vcpus": 4,
            "volume_ids": [],
            "vpc_uuid": "482e7dc5-3c11-4e3f-9dbe-ab61470ab8c2"
          },
          "sensitive_attributes": [],
          "private": "eyJzY2hlbWFfdmVyc2lvbiI6IjEifQ==",
          "dependencies": [
            "data.digitalocean_ssh_key.terraform"
          ]
        }
      ]
    },
    {
      "mode": "managed",
      "type": "digitalocean_project",
      "name": "default",
      "provider": "provider[\"registry.terraform.io/digitalocean/digitalocean\"]",
      "instances": [
        {
          "schema_version": 0,
          "attributes": {
            "created_at": "2019-06-29T22:30:54Z",
            "description": "default project for shared resources",
            "environment": "Development",
            "id": "a8f0339e-47b0-4147-8381-7bf4a4ca1aaa",
            "is_default": true,
            "name": "sean.aye2",
            "owner_id": 6302088,
            "owner_uuid": "965a4c00fe358134cd264fc170b49c7c469d12d5",
            "purpose": "Other",
            "resources": [
              "do:droplet:276780318"
            ],
            "updated_at": "2021-12-12T00:54:38Z"
          },
          "sensitive_attributes": [],
          "private": "bnVsbA=="
        }
      ]
    },
    {
      "mode": "managed",
      "type": "digitalocean_project",
      "name": "personal",
      "provider": "provider[\"registry.terraform.io/digitalocean/digitalocean\"]",
      "instances": [
        {
          "schema_version": 0,
          "attributes": {
            "created_at": "2019-10-22T04:50:57Z",
            "description": "Personal Site",
            "environment": "Development",
            "id": "f1e52fd7-91b8-48de-8e80-2afea4b8209c",
            "is_default": false,
            "name": "Personal",
            "owner_id": 6302088,
            "owner_uuid": "965a4c00fe358134cd264fc170b49c7c469d12d5",
            "purpose": "Website or blog",
            "resources": [
              "do:domain:seanaye.ca"
            ],
            "updated_at": "2021-12-12T00:54:38Z"
          },
          "sensitive_attributes": [],
          "private": "bnVsbA=="
        }
      ]
    },
    {
      "mode": "managed",
      "type": "digitalocean_record",
      "name": "improvmx1",
      "provider": "provider[\"registry.terraform.io/digitalocean/digitalocean\"]",
      "instances": [
        {
          "schema_version": 0,
          "attributes": {
            "domain": "seanaye.ca",
            "flags": 0,
            "fqdn": "seanaye.ca",
            "id": "91270802",
            "name": "@",
            "port": 0,
            "priority": 10,
            "tag": "",
            "ttl": 1800,
            "type": "MX",
            "value": "mx1.improvmx.com.",
            "weight": 0
          },
          "sensitive_attributes": [],
          "private": "eyJzY2hlbWFfdmVyc2lvbiI6IjAifQ==",
          "dependencies": [
            "digitalocean_domain.default"
          ]
        }
      ]
    },
    {
      "mode": "managed",
      "type": "digitalocean_record",
      "name": "improvmx2",
      "provider": "provider[\"registry.terraform.io/digitalocean/digitalocean\"]",
      "instances": [
        {
          "schema_version": 0,
          "attributes": {
            "domain": "seanaye.ca",
            "flags": 0,
            "fqdn": "seanaye.ca",
            "id": "91270814",
            "name": "@",
            "port": 0,
            "priority": 20,
            "tag": "",
            "ttl": 1800,
            "type": "MX",
            "value": "mx2.improvmx.com.",
            "weight": 0
          },
          "sensitive_attributes": [],
          "private": "eyJzY2hlbWFfdmVyc2lvbiI6IjAifQ==",
          "dependencies": [
            "digitalocean_domain.default"
          ]
        }
      ]
    },
    {
      "mode": "managed",
      "type": "digitalocean_record",
      "name": "improvmxtxt",
      "provider": "provider[\"registry.terraform.io/digitalocean/digitalocean\"]",
      "instances": [
        {
          "schema_version": 0,
          "attributes": {
            "domain": "seanaye.ca",
            "flags": 0,
            "fqdn": "seanaye.ca",
            "id": "91270838",
            "name": "@",
            "port": 0,
            "priority": 0,
            "tag": "",
            "ttl": 1800,
            "type": "TXT",
            "value": "v=spf1 include:spf.improvmx.com ~all",
            "weight": 0
          },
          "sensitive_attributes": [],
          "private": "eyJzY2hlbWFfdmVyc2lvbiI6IjAifQ==",
          "dependencies": [
            "digitalocean_domain.default"
          ]
        }
      ]
    },
    {
      "mode": "managed",
      "type": "digitalocean_record",
      "name": "mc",
      "provider": "provider[\"registry.terraform.io/digitalocean/digitalocean\"]",
      "instances": [
        {
          "schema_version": 0,
          "attributes": {
            "domain": "seanaye.ca",
            "flags": 0,
            "fqdn": "mc.seanaye.ca",
            "id": "282414804",
            "name": "mc",
            "port": 0,
            "priority": 0,
            "tag": "",
            "ttl": 1800,
            "type": "A",
            "value": "167.99.188.133",
            "weight": 0
          },
          "sensitive_attributes": [],
          "private": "bnVsbA==",
          "dependencies": [
            "data.digitalocean_ssh_key.terraform",
            "digitalocean_domain.default",
            "digitalocean_droplet.minecraft"
          ]
        }
      ]
    },
    {
      "mode": "managed",
      "type": "digitalocean_record",
      "name": "ns1",
      "provider": "provider[\"registry.terraform.io/digitalocean/digitalocean\"]",
      "instances": [
        {
          "schema_version": 0,
          "attributes": {
            "domain": "seanaye.ca",
            "flags": 0,
            "fqdn": "seanaye.ca",
            "id": "81323217",
            "name": "@",
            "port": 0,
            "priority": 0,
            "tag": "",
            "ttl": 1800,
            "type": "NS",
            "value": "ns1.digitalocean.com.",
            "weight": 0
          },
          "sensitive_attributes": [],
          "private": "eyJzY2hlbWFfdmVyc2lvbiI6IjAifQ==",
          "dependencies": [
            "digitalocean_domain.default"
          ]
        }
      ]
    },
    {
      "mode": "managed",
      "type": "digitalocean_record",
      "name": "ns2",
      "provider": "provider[\"registry.terraform.io/digitalocean/digitalocean\"]",
      "instances": [
        {
          "schema_version": 0,
          "attributes": {
            "domain": "seanaye.ca",
            "flags": 0,
            "fqdn": "seanaye.ca",
            "id": "81323221",
            "name": "@",
            "port": 0,
            "priority": 0,
            "tag": "",
            "ttl": 1800,
            "type": "NS",
            "value": "ns2.digitalocean.com.",
            "weight": 0
          },
          "sensitive_attributes": [],
          "private": "eyJzY2hlbWFfdmVyc2lvbiI6IjAifQ==",
          "dependencies": [
            "digitalocean_domain.default"
          ]
        }
      ]
    },
    {
      "mode": "managed",
      "type": "digitalocean_record",
      "name": "ns3",
      "provider": "provider[\"registry.terraform.io/digitalocean/digitalocean\"]",
      "instances": [
        {
          "schema_version": 0,
          "attributes": {
            "domain": "seanaye.ca",
            "flags": 0,
            "fqdn": "seanaye.ca",
            "id": "81323226",
            "name": "@",
            "port": 0,
            "priority": 0,
            "tag": "",
            "ttl": 1800,
            "type": "NS",
            "value": "ns3.digitalocean.com.",
            "weight": 0
          },
          "sensitive_attributes": [],
          "private": "eyJzY2hlbWFfdmVyc2lvbiI6IjAifQ==",
          "dependencies": [
            "digitalocean_domain.default"
          ]
        }
      ]
    }
  ]
}
